
Microsoft Visual Studio Solution File, Format Version 12.00
# Visual Studio Version 17
VisualStudioVersion = 17.13.35828.75 d17.13
MinimumVisualStudioVersion = 10.0.40219.1
Project("{FAE04EC0-301F-11D3-BF4B-00C04F79EFBC}") = "Kei.Base", "Kei.Base.csproj", "{71F0F3F8-0ADB-4E6A-A501-B257BDF2ED7A}"
EndProject
Project("{FAE04EC0-301F-11D3-BF4B-00C04F79EFBC}") = "Kei.Base.Extensions", "..\Kei.Base.Extensions\Kei.Base.Extensions.csproj", "{CEA85B46-0642-4218-A364-99909D1AFDC4}"
EndProject
Project("{FAE04EC0-301F-11D3-BF4B-00C04F79EFBC}") = "Kei.Base.Helper", "..\Kei.Base.Helper\Kei.Base.Helper.csproj", "{A3E75D54-6F85-4DB9-9CE3-4771817A8E4A}"
EndProject
Project("{FAE04EC0-301F-11D3-BF4B-00C04F79EFBC}") = "Kei.Base.Domain", "..\Kei.Base.Domain\Kei.Base.Domain.csproj", "{51673DF2-2AA2-4723-818C-938C5429E78F}"
EndProject
Global
	GlobalSection(SolutionConfigurationPlatforms) = preSolution
		Debug|Any CPU = Debug|Any CPU
		Release|Any CPU = Release|Any CPU
	EndGlobalSection
	GlobalSection(ProjectConfigurationPlatforms) = postSolution
		{71F0F3F8-0ADB-4E6A-A501-B257BDF2ED7A}.Debug|Any CPU.ActiveCfg = Debug|Any CPU
		{71F0F3F8-0ADB-4E6A-A501-B257BDF2ED7A}.Debug|Any CPU.Build.0 = Debug|Any CPU
		{71F0F3F8-0ADB-4E6A-A501-B257BDF2ED7A}.Release|Any CPU.ActiveCfg = Release|Any CPU
		{71F0F3F8-0ADB-4E6A-A501-B257BDF2ED7A}.Release|Any CPU.Build.0 = Release|Any CPU
		{CEA85B46-0642-4218-A364-99909D1AFDC4}.Debug|Any CPU.ActiveCfg = Debug|Any CPU
		{CEA85B46-0642-4218-A364-99909D1AFDC4}.Debug|Any CPU.Build.0 = Debug|Any CPU
		{CEA85B46-0642-4218-A364-99909D1AFDC4}.Release|Any CPU.ActiveCfg = Release|Any CPU
		{CEA85B46-0642-4218-A364-99909D1AFDC4}.Release|Any CPU.Build.0 = Release|Any CPU
		{A3E75D54-6F85-4DB9-9CE3-4771817A8E4A}.Debug|Any CPU.ActiveCfg = Debug|Any CPU
		{A3E75D54-6F85-4DB9-9CE3-4771817A8E4A}.Debug|Any CPU.Build.0 = Debug|Any CPU
		{A3E75D54-6F85-4DB9-9CE3-4771817A8E4A}.Release|Any CPU.ActiveCfg = Release|Any CPU
		{A3E75D54-6F85-4DB9-9CE3-4771817A8E4A}.Release|Any CPU.Build.0 = Release|Any CPU
		{51673DF2-2AA2-4723-818C-938C5429E78F}.Debug|Any CPU.ActiveCfg = Debug|Any CPU
		{51673DF2-2AA2-4723-818C-938C5429E78F}.Debug|Any CPU.Build.0 = Debug|Any CPU
		{51673DF2-2AA2-4723-818C-938C5429E78F}.Release|Any CPU.ActiveCfg = Release|Any CPU
		{51673DF2-2AA2-4723-818C-938C5429E78F}.Release|Any CPU.Build.0 = Release|Any CPU
	EndGlobalSection
	GlobalSection(SolutionProperties) = preSolution
		HideSolutionNode = FALSE
	EndGlobalSection
	GlobalSection(ExtensibilityGlobals) = postSolution
		SolutionGuid = {5C826BE6-17DE-4951-A7CB-A63F53EEF62E}
	EndGlobalSection
EndGlobal
